Microsoft Visual Studio Solution File, Format Version 12.00
# Visual Studio 2012
Project("{FAE04EC0-301F-11D3-BF4B-00C04F79EFBC}") = "BallIsStick", "BallIsStick.csproj", "{75BD1742-121E-4B9A-B481-BBDFC7A5BB50}"
EndProject
Global
	GlobalSection(SolutionConfigurationPlatforms) = preSolution
	Debug|Any CPU = Debug|Any CPU
	ExportDebug|Any CPU = ExportDebug|Any CPU
	ExportRelease|Any CPU = ExportRelease|Any CPU
	EndGlobalSection
	GlobalSection(ProjectConfigurationPlatforms) = postSolution
		{75BD1742-121E-4B9A-B481-BBDFC7A5BB50}.Debug|Any CPU.ActiveCfg = Debug|Any CPU
		{75BD1742-121E-4B9A-B481-BBDFC7A5BB50}.Debug|Any CPU.Build.0 = Debug|Any CPU
		{75BD1742-121E-4B9A-B481-BBDFC7A5BB50}.ExportDebug|Any CPU.ActiveCfg = ExportDebug|Any CPU
		{75BD1742-121E-4B9A-B481-BBDFC7A5BB50}.ExportDebug|Any CPU.Build.0 = ExportDebug|Any CPU
		{75BD1742-121E-4B9A-B481-BBDFC7A5BB50}.ExportRelease|Any CPU.ActiveCfg = ExportRelease|Any CPU
		{75BD1742-121E-4B9A-B481-BBDFC7A5BB50}.ExportRelease|Any CPU.Build.0 = ExportRelease|Any CPU
	EndGlobalSection
EndGlobal
